{
    "_meta": {
        "hash": {
            "sha256": "2ffaff399e91a53977ed486e4ef29a277f1203ae7cde0708d06333e8529654d1"
        },
        "pipfile-spec": 6,
        "requires": {
            "python_version": "3.10"
        },
        "sources": [
            {
                "name": "pypi",
                "url": "https://pypi.org/simple",
                "verify_ssl": true
            }
        ]
    },
    "default": {},
    "develop": {}
}
